
Microsoft Visual Studio Solution File, Format Version 12.00
# Visual Studio Version 17
VisualStudioVersion = 17.4.33205.214
MinimumVisualStudioVersion = 10.0.40219.1
Project("{FAE04EC0-301F-11D3-BF4B-00C04F79EFBC}") = "bdExercicio", "bdExercicio.csproj", "{D7F45D7E-2A39-4EB0-B74A-AF103B1A7767}"
EndProject
Global
	GlobalSection(SolutionConfigurationPlatforms) = preSolution
		Debug|Any CPU = Debug|Any CPU
		Release|Any CPU = Release|Any CPU
	EndGlobalSection
	GlobalSection(ProjectConfigurationPlatforms) = postSolution
		{D7F45D7E-2A39-4EB0-B74A-AF103B1A7767}.Debug|Any CPU.ActiveCfg = Debug|Any CPU
		{D7F45D7E-2A39-4EB0-B74A-AF103B1A7767}.Debug|Any CPU.Build.0 = Debug|Any CPU
		{D7F45D7E-2A39-4EB0-B74A-AF103B1A7767}.Release|Any CPU.ActiveCfg = Release|Any CPU
		{D7F45D7E-2A39-4EB0-B74A-AF103B1A7767}.Release|Any CPU.Build.0 = Release|Any CPU
	EndGlobalSection
	GlobalSection(SolutionProperties) = preSolution
		HideSolutionNode = FALSE
	EndGlobalSection
	GlobalSection(ExtensibilityGlobals) = postSolution
		SolutionGuid = {A824AB62-1C90-45A4-A58E-25220B7C282D}
	EndGlobalSection
EndGlobal
